
Microsoft Visual Studio Solution File, Format Version 12.00
# Visual Studio Version 17
VisualStudioVersion = 17.13.35931.197 d17.13
MinimumVisualStudioVersion = 10.0.40219.1
Project("{FAE04EC0-301F-11D3-BF4B-00C04F79EFBC}") = "Zadanie6_Klient", "Zadanie6_Klient\Zadanie6_Klient.csproj", "{04361242-8020-42A8-9BD2-0C0129628736}"
EndProject
Global
	GlobalSection(SolutionConfigurationPlatforms) = preSolution
		Debug|Any CPU = Debug|Any CPU
		Release|Any CPU = Release|Any CPU
	EndGlobalSection
	GlobalSection(ProjectConfigurationPlatforms) = postSolution
		{04361242-8020-42A8-9BD2-0C0129628736}.Debug|Any CPU.ActiveCfg = Debug|Any CPU
		{04361242-8020-42A8-9BD2-0C0129628736}.Debug|Any CPU.Build.0 = Debug|Any CPU
		{04361242-8020-42A8-9BD2-0C0129628736}.Release|Any CPU.ActiveCfg = Release|Any CPU
		{04361242-8020-42A8-9BD2-0C0129628736}.Release|Any CPU.Build.0 = Release|Any CPU
	EndGlobalSection
	GlobalSection(SolutionProperties) = preSolution
		HideSolutionNode = FALSE
	EndGlobalSection
	GlobalSection(ExtensibilityGlobals) = postSolution
		SolutionGuid = {0F0FD87D-D641-4FBE-A64E-85D6D5691DB1}
	EndGlobalSection
EndGlobal
