
Microsoft Visual Studio Solution File, Format Version 12.00
Project("{FAE04EC0-301F-11D3-BF4B-00C04F79EFBC}") = "ConsoleCol", "ConsoleCol\ConsoleCol.csproj", "{5CC25A73-0683-444B-8269-D601A9B130A8}"
EndProject
Project("{FAE04EC0-301F-11D3-BF4B-00C04F79EFBC}") = "Wydawca", "Wydawca\Wydawca.csproj", "{7FDC1930-E62A-4490-A2F1-DAD2F9D6A39A}"
EndProject
Project("{FAE04EC0-301F-11D3-BF4B-00C04F79EFBC}") = "Komunikaty", "Komunikaty\Komunikaty.csproj", "{759CF6E7-5EAD-4C6C-BFD3-BEC12678C3D9}"
EndProject
Project("{FAE04EC0-301F-11D3-BF4B-00C04F79EFBC}") = "Kontroler", "Kontroler\Kontroler.csproj", "{88C64976-06E6-438E-BCC8-7BCD9EF6D09F}"
EndProject
Global
	GlobalSection(SolutionConfigurationPlatforms) = preSolution
		Debug|Any CPU = Debug|Any CPU
		Release|Any CPU = Release|Any CPU
	EndGlobalSection
	GlobalSection(ProjectConfigurationPlatforms) = postSolution
		{5CC25A73-0683-444B-8269-D601A9B130A8}.Debug|Any CPU.ActiveCfg = Debug|Any CPU
		{5CC25A73-0683-444B-8269-D601A9B130A8}.Debug|Any CPU.Build.0 = Debug|Any CPU
		{5CC25A73-0683-444B-8269-D601A9B130A8}.Release|Any CPU.ActiveCfg = Release|Any CPU
		{5CC25A73-0683-444B-8269-D601A9B130A8}.Release|Any CPU.Build.0 = Release|Any CPU
		{7FDC1930-E62A-4490-A2F1-DAD2F9D6A39A}.Debug|Any CPU.ActiveCfg = Debug|Any CPU
		{7FDC1930-E62A-4490-A2F1-DAD2F9D6A39A}.Debug|Any CPU.Build.0 = Debug|Any CPU
		{7FDC1930-E62A-4490-A2F1-DAD2F9D6A39A}.Release|Any CPU.ActiveCfg = Release|Any CPU
		{7FDC1930-E62A-4490-A2F1-DAD2F9D6A39A}.Release|Any CPU.Build.0 = Release|Any CPU
		{759CF6E7-5EAD-4C6C-BFD3-BEC12678C3D9}.Debug|Any CPU.ActiveCfg = Debug|Any CPU
		{759CF6E7-5EAD-4C6C-BFD3-BEC12678C3D9}.Debug|Any CPU.Build.0 = Debug|Any CPU
		{759CF6E7-5EAD-4C6C-BFD3-BEC12678C3D9}.Release|Any CPU.ActiveCfg = Release|Any CPU
		{759CF6E7-5EAD-4C6C-BFD3-BEC12678C3D9}.Release|Any CPU.Build.0 = Release|Any CPU
		{88C64976-06E6-438E-BCC8-7BCD9EF6D09F}.Debug|Any CPU.ActiveCfg = Debug|Any CPU
		{88C64976-06E6-438E-BCC8-7BCD9EF6D09F}.Debug|Any CPU.Build.0 = Debug|Any CPU
		{88C64976-06E6-438E-BCC8-7BCD9EF6D09F}.Release|Any CPU.ActiveCfg = Release|Any CPU
		{88C64976-06E6-438E-BCC8-7BCD9EF6D09F}.Release|Any CPU.Build.0 = Release|Any CPU
	EndGlobalSection
EndGlobal
